// !$*UTF8*$!
{
	archiveVersion = 1;
	classes = {
	};
	objectVersion = 56;
	objects = {

/* Begin PBXBuildFile section */
		8B35FD73291A2FDD00A273AE /* M_CategoryListView.swift in Sources */ = {isa = PBXBuildFile; fileRef = 8B35FD72291A2FDD00A273AE /* M_CategoryListView.swift */; };
		8B55262E28FF8EE80001B69B /* Coredata_test1App.swift in Sources */ = {isa = PBXBuildFile; fileRef = 8B55262D28FF8EE80001B69B /* Coredata_test1App.swift */; };
		8B55263028FF8EE80001B69B /* ContentView.swift in Sources */ = {isa = PBXBuildFile; fileRef = 8B55262F28FF8EE80001B69B /* ContentView.swift */; };
		8B55263228FF8EED0001B69B /* Assets.xcassets in Resources */ = {isa = PBXBuildFile; fileRef = 8B55263128FF8EED0001B69B /* Assets.xcassets */; };
		8B55263528FF8EED0001B69B /* Preview Assets.xcassets in Resources */ = {isa = PBXBuildFile; fileRef = 8B55263428FF8EED0001B69B /* Preview Assets.xcassets */; };
		8B55263728FF8EED0001B69B /* Persistence.swift in Sources */ = {isa = PBXBuildFile; fileRef = 8B55263628FF8EED0001B69B /* Persistence.swift */; };
		8B55263A28FF8EED0001B69B /* Coredata_test1.xcdatamodeld in Sources */ = {isa = PBXBuildFile; fileRef = 8B55263828FF8EED0001B69B /* Coredata_test1.xcdatamodeld */; };
		8B8C95A5291B3E630016E5C9 /* M_CategoryLinkView.swift in Sources */ = {isa = PBXBuildFile; fileRef = 8B8C95A4291B3E630016E5C9 /* M_CategoryLinkView.swift */; };
		8B98FE07290F45E1002753BA /* M_CategoryModel.swift in Sources */ = {isa = PBXBuildFile; fileRef = 8B98FE06290F45E1002753BA /* M_CategoryModel.swift */; };
		8B98FE09290F5DFF002753BA /* M_CategorySheetView.swift in Sources */ = {isa = PBXBuildFile; fileRef = 8B98FE08290F5DFF002753BA /* M_CategorySheetView.swift */; };
		8B98FE0B290F8B07002753BA /* M_CategoryCardView.swift in Sources */ = {isa = PBXBuildFile; fileRef = 8B98FE0A290F8B07002753BA /* M_CategoryCardView.swift */; };
/* End PBXBuildFile section */

/* Begin PBXFileReference section */
		8B35FD72291A2FDD00A273AE /* M_CategoryListView.swift */ = {isa = PBXFileReference; lastKnownFileType = sourcecode.swift; path = M_CategoryListView.swift; sourceTree = "<group>"; };
		8B55262A28FF8EE80001B69B /* Coredata-test1.app */ = {isa = PBXFileReference; explicitFileType = wrapper.application; includeInIndex = 0; path = "Coredata-test1.app"; sourceTree = BUILT_PRODUCTS_DIR; };
		8B55262D28FF8EE80001B69B /* Coredata_test1App.swift */ = {isa = PBXFileReference; lastKnownFileType = sourcecode.swift; path = Coredata_test1App.swift; sourceTree = "<group>"; };
		8B55262F28FF8EE80001B69B /* ContentView.swift */ = {isa = PBXFileReference; lastKnownFileType = sourcecode.swift; path = ContentView.swift; sourceTree = "<group>"; };
		8B55263128FF8EED0001B69B /* Assets.xcassets */ = {isa = PBXFileReference; lastKnownFileType = folder.assetcatalog; path = Assets.xcassets; sourceTree = "<group>"; };
		8B55263428FF8EED0001B69B /* Preview Assets.xcassets */ = {isa = PBXFileReference; lastKnownFileType = folder.assetcatalog; path = "Preview Assets.xcassets"; sourceTree = "<group>"; };
		8B55263628FF8EED0001B69B /* Persistence.swift */ = {isa = PBXFileReference; lastKnownFileType = sourcecode.swift; path = Persistence.swift; sourceTree = "<group>"; };
		8B55263928FF8EED0001B69B /* Coredata_test1.xcdatamodel */ = {isa = PBXFileReference; lastKnownFileType = wrapper.xcdatamodel; path = Coredata_test1.xcdatamodel; sourceTree = "<group>"; };
		8B8C95A4291B3E630016E5C9 /* M_CategoryLinkView.swift */ = {isa = PBXFileReference; lastKnownFileType = sourcecode.swift; path = M_CategoryLinkView.swift; sourceTree = "<group>"; };
		8B98FE06290F45E1002753BA /* M_CategoryModel.swift */ = {isa = PBXFileReference; lastKnownFileType = sourcecode.swift; path = M_CategoryModel.swift; sourceTree = "<group>"; };
		8B98FE08290F5DFF002753BA /* M_CategorySheetView.swift */ = {isa = PBXFileReference; lastKnownFileType = sourcecode.swift; path = M_CategorySheetView.swift; sourceTree = "<group>"; };
		8B98FE0A290F8B07002753BA /* M_CategoryCardView.swift */ = {isa = PBXFileReference; lastKnownFileType = sourcecode.swift; path = M_CategoryCardView.swift; sourceTree = "<group>"; };
/* End PBXFileReference section */

/* Begin PBXFrameworksBuildPhase section */
		8B55262728FF8EE80001B69B /* Frameworks */ = {
			isa = PBXFrameworksBuildPhase;
			buildActionMask = 2147483647;
			files = (
			);
			runOnlyForDeploymentPostprocessing = 0;
		};
/* End PBXFrameworksBuildPhase section */

/* Begin PBXGroup section */
		8B55262128FF8EE70001B69B = {
			isa = PBXGroup;
			children = (
				8B55262C28FF8EE80001B69B /* Coredata-test1 */,
				8B55262B28FF8EE80001B69B /* Products */,
			);
			sourceTree = "<group>";
		};
		8B55262B28FF8EE80001B69B /* Products */ = {
			isa = PBXGroup;
			children = (
				8B55262A28FF8EE80001B69B /* Coredata-test1.app */,
			);
			name = Products;
			sourceTree = "<group>";
		};
		8B55262C28FF8EE80001B69B /* Coredata-test1 */ = {
			isa = PBXGroup;
			children = (
				8B55262D28FF8EE80001B69B /* Coredata_test1App.swift */,
				8B55262F28FF8EE80001B69B /* ContentView.swift */,
				8B35FD72291A2FDD00A273AE /* M_CategoryListView.swift */,
				8B8C95A4291B3E630016E5C9 /* M_CategoryLinkView.swift */,
				8B98FE0A290F8B07002753BA /* M_CategoryCardView.swift */,
				8B98FE06290F45E1002753BA /* M_CategoryModel.swift */,
				8B98FE08290F5DFF002753BA /* M_CategorySheetView.swift */,
				8B55263128FF8EED0001B69B /* Assets.xcassets */,
				8B55263628FF8EED0001B69B /* Persistence.swift */,
				8B55263828FF8EED0001B69B /* Coredata_test1.xcdatamodeld */,
				8B55263328FF8EED0001B69B /* Preview Content */,
			);
			path = "Coredata-test1";
			sourceTree = "<group>";
		};
		8B55263328FF8EED0001B69B /* Preview Content */ = {
			isa = PBXGroup;
			children = (
				8B55263428FF8EED0001B69B /* Preview Assets.xcassets */,
			);
			path = "Preview Content";
			sourceTree = "<group>";
		};
/* End PBXGroup section */

/* Begin PBXNativeTarget section */
		8B55262928FF8EE80001B69B /* Coredata-test1 */ = {
			isa = PBXNativeTarget;
			buildConfigurationList = 8B55263D28FF8EED0001B69B /* Build configuration list for PBXNativeTarget "Coredata-test1" */;
			buildPhases = (
				8B55262628FF8EE80001B69B /* Sources */,
				8B55262728FF8EE80001B69B /* Frameworks */,
				8B55262828FF8EE80001B69B /* Resources */,
			);
			buildRules = (
			);
			dependencies = (
			);
			name = "Coredata-test1";
			productName = "Coredata-test1";
			productReference = 8B55262A28FF8EE80001B69B /* Coredata-test1.app */;
			productType = "com.apple.product-type.application";
		};
/* End PBXNativeTarget section */

/* Begin PBXProject section */
		8B55262228FF8EE70001B69B /* Project object */ = {
			isa = PBXProject;
			attributes = {
				BuildIndependentTargetsInParallel = 1;
				LastSwiftUpdateCheck = 1400;
				LastUpgradeCheck = 1400;
				TargetAttributes = {
					8B55262928FF8EE80001B69B = {
						CreatedOnToolsVersion = 14.0.1;
					};
				};
			};
			buildConfigurationList = 8B55262528FF8EE70001B69B /* Build configuration list for PBXProject "Coredata-test1" */;
			compatibilityVersion = "Xcode 14.0";
			developmentRegion = en;
			hasScannedForEncodings = 0;
			knownRegions = (
				en,
				Base,
			);
			mainGroup = 8B55262128FF8EE70001B69B;
			productRefGroup = 8B55262B28FF8EE80001B69B /* Products */;
			projectDirPath = "";
			projectRoot = "";
			targets = (
				8B55262928FF8EE80001B69B /* Coredata-test1 */,
			);
		};
/* End PBXProject section */

/* Begin PBXResourcesBuildPhase section */
		8B55262828FF8EE80001B69B /* Resources */ = {
			isa = PBXResourcesBuildPhase;
			buildActionMask = 2147483647;
			files = (
				8B55263528FF8EED0001B69B /* Preview Assets.xcassets in Resources */,
				8B55263228FF8EED0001B69B /* Assets.xcassets in Resources */,
			);
			runOnlyForDeploymentPostprocessing = 0;
		};
/* End PBXResourcesBuildPhase section */

/* Begin PBXSourcesBuildPhase section */
		8B55262628FF8EE80001B69B /* Sources */ = {
			isa = PBXSourcesBuildPhase;
			buildActionMask = 2147483647;
			files = (
				8B8C95A5291B3E630016E5C9 /* M_CategoryLinkView.swift in Sources */,
				8B55263728FF8EED0001B69B /* Persistence.swift in Sources */,
				8B55263028FF8EE80001B69B /* ContentView.swift in Sources */,
				8B98FE09290F5DFF002753BA /* M_CategorySheetView.swift in Sources */,
				8B98FE07290F45E1002753BA /* M_CategoryModel.swift in Sources */,
				8B35FD73291A2FDD00A273AE /* M_CategoryListView.swift in Sources */,
				8B55263A28FF8EED0001B69B /* Coredata_test1.xcdatamodeld in Sources */,
				8B98FE0B290F8B07002753BA /* M_CategoryCardView.swift in Sources */,
				8B55262E28FF8EE80001B69B /* Coredata_test1App.swift in Sources */,
			);
			runOnlyForDeploymentPostprocessing = 0;
		};
/* End PBXSourcesBuildPhase section */

/* Begin XCBuildConfiguration section */
		8B55263B28FF8EED0001B69B /* Debug */ = {
			isa = XCBuildConfiguration;
			buildSettings = {
				ALWAYS_SEARCH_USER_PATHS = NO;
				CLANG_ANALYZER_NONNULL = YES;
				CLANG_ANALYZER_NUMBER_OBJECT_CONVERSION = YES_AGGRESSIVE;
				CLANG_CXX_LANGUAGE_STANDARD = "gnu++20";
				CLANG_ENABLE_MODULES = YES;
				CLANG_ENABLE_OBJC_ARC = YES;
				CLANG_ENABLE_OBJC_WEAK = YES;
				CLANG_WARN_BLOCK_CAPTURE_AUTORELEASING = YES;
				CLANG_WARN_BOOL_CONVERSION = YES;
				CLANG_WARN_COMMA = YES;
				CLANG_WARN_CONSTANT_CONVERSION = YES;
				CLANG_WARN_DEPRECATED_OBJC_IMPLEMENTATIONS = YES;
				CLANG_WARN_DIRECT_OBJC_ISA_USAGE = YES_ERROR;
				CLANG_WARN_DOCUMENTATION_COMMENTS = YES;
				CLANG_WARN_EMPTY_BODY = YES;
				CLANG_WARN_ENUM_CONVERSION = YES;
				CLANG_WARN_INFINITE_RECURSION = YES;
				CLANG_WARN_INT_CONVERSION = YES;
				CLANG_WARN_NON_LITERAL_NULL_CONVERSION = YES;
				CLANG_WARN_OBJC_IMPLICIT_RETAIN_SELF = YES;
				CLANG_WARN_OBJC_LITERAL_CONVERSION = YES;
				CLANG_WARN_OBJC_ROOT_CLASS = YES_ERROR;
				CLANG_WARN_QUOTED_INCLUDE_IN_FRAMEWORK_HEADER = YES;
				CLANG_WARN_RANGE_LOOP_ANALYSIS = YES;
				CLANG_WARN_STRICT_PROTOTYPES = YES;
				CLANG_WARN_SUSPICIOUS_MOVE = YES;
				CLANG_WARN_UNGUARDED_AVAILABILITY = YES_AGGRESSIVE;
				CLANG_WARN_UNREACHABLE_CODE = YES;
				CLANG_WARN__DUPLICATE_METHOD_MATCH = YES;
				COPY_PHASE_STRIP = NO;
				DEBUG_INFORMATION_FORMAT = dwarf;
				ENABLE_STRICT_OBJC_MSGSEND = YES;
				ENABLE_TESTABILITY = YES;
				GCC_C_LANGUAGE_STANDARD = gnu11;
				GCC_DYNAMIC_NO_PIC = NO;
				GCC_NO_COMMON_BLOCKS = YES;
				GCC_OPTIMIZATION_LEVEL = 0;
				GCC_PREPROCESSOR_DEFINITIONS = (
					"DEBUG=1",
					"$(inherited)",
				);
				GCC_WARN_64_TO_32_BIT_CONVERSION = YES;
				GCC_WARN_ABOUT_RETURN_TYPE = YES_ERROR;
				GCC_WARN_UNDECLARED_SELECTOR = YES;
				GCC_WARN_UNINITIALIZED_AUTOS = YES_AGGRESSIVE;
				GCC_WARN_UNUSED_FUNCTION = YES;
				GCC_WARN_UNUSED_VARIABLE = YES;
				IPHONEOS_DEPLOYMENT_TARGET = 16.0;
				MTL_ENABLE_DEBUG_INFO = INCLUDE_SOURCE;
				MTL_FAST_MATH = YES;
				ONLY_ACTIVE_ARCH = YES;
				SDKROOT = iphoneos;
				SWIFT_ACTIVE_COMPILATION_CONDITIONS = DEBUG;
				SWIFT_OPTIMIZATION_LEVEL = "-Onone";
			};
			name = Debug;
		};
		8B55263C28FF8EED0001B69B /* Release */ = {
			isa = XCBuildConfiguration;
			buildSettings = {
				ALWAYS_SEARCH_USER_PATHS = NO;
				CLANG_ANALYZER_NONNULL = YES;
				CLANG_ANALYZER_NUMBER_OBJECT_CONVERSION = YES_AGGRESSIVE;
				CLANG_CXX_LANGUAGE_STANDARD = "gnu++20";
				CLANG_ENABLE_MODULES = YES;
				CLANG_ENABLE_OBJC_ARC = YES;
				CLANG_ENABLE_OBJC_WEAK = YES;
				CLANG_WARN_BLOCK_CAPTURE_AUTORELEASING = YES;
				CLANG_WARN_BOOL_CONVERSION = YES;
				CLANG_WARN_COMMA = YES;
				CLANG_WARN_CONSTANT_CONVERSION = YES;
				CLANG_WARN_DEPRECATED_OBJC_IMPLEMENTATIONS = YES;
				CLANG_WARN_DIRECT_OBJC_ISA_USAGE = YES_ERROR;
				CLANG_WARN_DOCUMENTATION_COMMENTS = YES;
				CLANG_WARN_EMPTY_BODY = YES;
				CLANG_WARN_ENUM_CONVERSION = YES;
				CLANG_WARN_INFINITE_RECURSION = YES;
				CLANG_WARN_INT_CONVERSION = YES;
				CLANG_WARN_NON_LITERAL_NULL_CONVERSION = YES;
				CLANG_WARN_OBJC_IMPLICIT_RETAIN_SELF = YES;
				CLANG_WARN_OBJC_LITERAL_CONVERSION = YES;
				CLANG_WARN_OBJC_ROOT_CLASS = YES_ERROR;
				CLANG_WARN_QUOTED_INCLUDE_IN_FRAMEWORK_HEADER = YES;
				CLANG_WARN_RANGE_LOOP_ANALYSIS = YES;
				CLANG_WARN_STRICT_PROTOTYPES = YES;
				CLANG_WARN_SUSPICIOUS_MOVE = YES;
				CLANG_WARN_UNGUARDED_AVAILABILITY = YES_AGGRESSIVE;
				CLANG_WARN_UNREACHABLE_CODE = YES;
				CLANG_WARN__DUPLICATE_METHOD_MATCH = YES;
				COPY_PHASE_STRIP = NO;
				DEBUG_INFORMATION_FORMAT = "dwarf-with-dsym";
				ENABLE_NS_ASSERTIONS = NO;
				ENABLE_STRICT_OBJC_MSGSEND = YES;
				GCC_C_LANGUAGE_STANDARD = gnu11;
				GCC_NO_COMMON_BLOCKS = YES;
				GCC_WARN_64_TO_32_BIT_CONVERSION = YES;
				GCC_WARN_ABOUT_RETURN_TYPE = YES_ERROR;
				GCC_WARN_UNDECLARED_SELECTOR = YES;
				GCC_WARN_UNINITIALIZED_AUTOS = YES_AGGRESSIVE;
				GCC_WARN_UNUSED_FUNCTION = YES;
				GCC_WARN_UNUSED_VARIABLE = YES;
				IPHONEOS_DEPLOYMENT_TARGET = 16.0;
				MTL_ENABLE_DEBUG_INFO = NO;
				MTL_FAST_MATH = YES;
				SDKROOT = iphoneos;
				SWIFT_COMPILATION_MODE = wholemodule;
				SWIFT_OPTIMIZATION_LEVEL = "-O";
				VALIDATE_PRODUCT = YES;
			};
			name = Release;
		};
		8B55263E28FF8EED0001B69B /* Debug */ = {
			isa = XCBuildConfiguration;
			buildSettings = {
				ASSETCATALOG_COMPILER_APPICON_NAME = AppIcon;
				ASSETCATALOG_COMPILER_GLOBAL_ACCENT_COLOR_NAME = AccentColor;
				CODE_SIGN_STYLE = Automatic;
				CURRENT_PROJECT_VERSION = 1;
				DEVELOPMENT_ASSET_PATHS = "\"Coredata-test1/Preview Content\"";
				DEVELOPMENT_TEAM = 4LB65X9AVQ;
				ENABLE_PREVIEWS = YES;
				GENERATE_INFOPLIST_FILE = YES;
				INFOPLIST_KEY_UIApplicationSceneManifest_Generation = YES;
				INFOPLIST_KEY_UIApplicationSupportsIndirectInputEvents = YES;
				INFOPLIST_KEY_UILaunchScreen_Generation = YES;
				INFOPLIST_KEY_UISupportedInterfaceOrientations_iPad = "UIInterfaceOrientationPortrait UIInterfaceOrientationPortraitUpsideDown UIInterfaceOrientationLandscapeLeft UIInterfaceOrientationLandscapeRight";
				INFOPLIST_KEY_UISupportedInterfaceOrientations_iPhone = "UIInterfaceOrientationPortrait UIInterfaceOrientationLandscapeLeft UIInterfaceOrientationLandscapeRight";
				IPHONEOS_DEPLOYMENT_TARGET = 15.0;
				LD_RUNPATH_SEARCH_PATHS = (
					"$(inherited)",
					"@executable_path/Frameworks",
				);
				MARKETING_VERSION = 1.0;
				PRODUCT_BUNDLE_IDENTIFIER = "com.dream.shirokawa.Coredata-test1";
				PRODUCT_NAME = "$(TARGET_NAME)";
				SWIFT_EMIT_LOC_STRINGS = YES;
				SWIFT_VERSION = 5.0;
				TARGETED_DEVICE_FAMILY = "1,2";
			};
			name = Debug;
		};
		8B55263F28FF8EED0001B69B /* Release */ = {
			isa = XCBuildConfiguration;
			buildSettings = {
				ASSETCATALOG_COMPILER_APPICON_NAME = AppIcon;
				ASSETCATALOG_COMPILER_GLOBAL_ACCENT_COLOR_NAME = AccentColor;
				CODE_SIGN_STYLE = Automatic;
				CURRENT_PROJECT_VERSION = 1;
				DEVELOPMENT_ASSET_PATHS = "\"Coredata-test1/Preview Content\"";
				DEVELOPMENT_TEAM = 4LB65X9AVQ;
				ENABLE_PREVIEWS = YES;
				GENERATE_INFOPLIST_FILE = YES;
				INFOPLIST_KEY_UIApplicationSceneManifest_Generation = YES;
				INFOPLIST_KEY_UIApplicationSupportsIndirectInputEvents = YES;
				INFOPLIST_KEY_UILaunchScreen_Generation = YES;
				INFOPLIST_KEY_UISupportedInterfaceOrientations_iPad = "UIInterfaceOrientationPortrait UIInterfaceOrientationPortraitUpsideDown UIInterfaceOrientationLandscapeLeft UIInterfaceOrientationLandscapeRight";
				INFOPLIST_KEY_UISupportedInterfaceOrientations_iPhone = "UIInterfaceOrientationPortrait UIInterfaceOrientationLandscapeLeft UIInterfaceOrientationLandscapeRight";
				IPHONEOS_DEPLOYMENT_TARGET = 15.0;
				LD_RUNPATH_SEARCH_PATHS = (
					"$(inherited)",
					"@executable_path/Frameworks",
				);
				MARKETING_VERSION = 1.0;
				PRODUCT_BUNDLE_IDENTIFIER = "com.dream.shirokawa.Coredata-test1";
				PRODUCT_NAME = "$(TARGET_NAME)";
				SWIFT_EMIT_LOC_STRINGS = YES;
				SWIFT_VERSION = 5.0;
				TARGETED_DEVICE_FAMILY = "1,2";
			};
			name = Release;
		};
/* End XCBuildConfiguration section */

/* Begin XCConfigurationList section */
		8B55262528FF8EE70001B69B /* Build configuration list for PBXProject "Coredata-test1" */ = {
			isa = XCConfigurationList;
			buildConfigurations = (
				8B55263B28FF8EED0001B69B /* Debug */,
				8B55263C28FF8EED0001B69B /* Release */,
			);
			defaultConfigurationIsVisible = 0;
			defaultConfigurationName = Release;
		};
		8B55263D28FF8EED0001B69B /* Build configuration list for PBXNativeTarget "Coredata-test1" */ = {
			isa = XCConfigurationList;
			buildConfigurations = (
				8B55263E28FF8EED0001B69B /* Debug */,
				8B55263F28FF8EED0001B69B /* Release */,
			);
			defaultConfigurationIsVisible = 0;
			defaultConfigurationName = Release;
		};
/* End XCConfigurationList section */

/* Begin XCVersionGroup section */
		8B55263828FF8EED0001B69B /* Coredata_test1.xcdatamodeld */ = {
			isa = XCVersionGroup;
			children = (
				8B55263928FF8EED0001B69B /* Coredata_test1.xcdatamodel */,
			);
			currentVersion = 8B55263928FF8EED0001B69B /* Coredata_test1.xcdatamodel */;
			path = Coredata_test1.xcdatamodeld;
			sourceTree = "<group>";
			versionGroupType = wrapper.xcdatamodel;
		};
/* End XCVersionGroup section */
	};
	rootObject = 8B55262228FF8EE70001B69B /* Project object */;
}
