// !$*UTF8*$!
{
	archiveVersion = 1;
	classes = {
	};
	objectVersion = 56;
	objects = {

/* Begin PBXBuildFile section */
		8B35FD73291A2FDD00A273AE /* M_CategoryListView.swift in Sources */ = {isa = PBXBuildFile; fileRef = 8B35FD72291A2FDD00A273AE /* M_CategoryListView.swift */; };
		8B55262E28FF8EE80001B69B /* Coredata_test1App.swift in Sources */ = {isa = PBXBuildFile; fileRef = 8B55262D28FF8EE80001B69B /* Coredata_test1App.swift */; };
		8B55263028FF8EE80001B69B /* ContentView.swift in Sources */ = {isa = PBXBuildFile; fileRef = 8B55262F28FF8EE80001B69B /* ContentView.swift */; };
		8B55263228FF8EED0001B69B /* Assets.xcassets in Resources */ = {isa = PBXBuildFile; fileRef = 8B55263128FF8EED0001B69B /* Assets.xcassets */; };
		8B55263528FF8EED0001B69B /* Preview Assets.xcassets in Resources */ = {isa = PBXBuildFile; fileRef = 8B55263428FF8EED0001B69B /* Preview Assets.xcassets */; };
		8B55263728FF8EED0001B69B /* Persistence.swift in Sources */ = {isa = PBXBuildFile; fileRef = 8B55263628FF8EED0001B69B /* Persistence.swift */; };
		8B55263A28FF8EED0001B69B /* Coredata_test1.xcdatamodeld in Sources */ = {isa = PBXBuildFile; fileRef = 8B55263828FF8EED0001B69B /* Coredata_test1.xcdatamodeld */; };
		8B8C95A5291B3E630016E5C9 /* M_CategoryLinkView.swift in Sources */ = {isa = PBXBuildFile; fileRef = 8B8C95A4291B3E630016E5C9 /* M_CategoryLinkView.swift */; };
		8B8C95A7291B80F40016E5C9 /* M_CategoryTableView.swift in Sources */ = {isa = PBXBuildFile; fileRef = 8B8C95A6291B80F40016E5C9 /* M_CategoryTableView.swift */; };
		8B98FE07290F45E1002753BA /* M_CategoryModel.swift in Sources */ = {isa = PBXBuildFile; fileRef = 8B98FE06290F45E1002753BA /* M_CategoryModel.swift */; };
		8B98FE09290F5DFF002753BA /* M_CategorySheetView.swift in Sources */ = {isa = PBXBuildFile; fileRef = 8B98FE08290F5DFF002753BA /* M_CategorySheetView.swift */; };
		8B98FE0B290F8B07002753BA /* M_CategoryCardView.swift in Sources */ = {isa = PBXBuildFile; fileRef = 8B98FE0A290F8B07002753BA /* M_CategoryCardView.swift */; };
		8BB667712C8D3D0600313900 /* Setup.swift in Sources */ = {isa = PBXBuildFile; fileRef = 8BB667702C8D3D0600313900 /* Setup.swift */; };
		8BB667732C8D3DE300313900 /* AppDelegate.swift in Sources */ = {isa = PBXBuildFile; fileRef = 8BB667722C8D3DE300313900 /* AppDelegate.swift */; };
		8BB667762C8EEC8300313900 /* ProductSearchView.swift in Sources */ = {isa = PBXBuildFile; fileRef = 8BB667752C8EEC8300313900 /* ProductSearchView.swift */; };
		8BB667782C8EEDFA00313900 /* ProductInfo.swift in Sources */ = {isa = PBXBuildFile; fileRef = 8BB667772C8EEDFA00313900 /* ProductInfo.swift */; };
		8BB6677A2C8EEF8F00313900 /* ColorThemeManager.swift in Sources */ = {isa = PBXBuildFile; fileRef = 8BB667792C8EEF8F00313900 /* ColorThemeManager.swift */; };
		8BB6677C2C8FF86900313900 /* SearchView.swift in Sources */ = {isa = PBXBuildFile; fileRef = 8BB6677B2C8FF86800313900 /* SearchView.swift */; };
		8BB6677E2C8FF90000313900 /* ProductListUseCase.swift in Sources */ = {isa = PBXBuildFile; fileRef = 8BB6677D2C8FF90000313900 /* ProductListUseCase.swift */; };
		8BB667802C8FF96500313900 /* ProductListForm.swift in Sources */ = {isa = PBXBuildFile; fileRef = 8BB6677F2C8FF96500313900 /* ProductListForm.swift */; };
		8BB667822C8FFA0D00313900 /* ProductListResult.swift in Sources */ = {isa = PBXBuildFile; fileRef = 8BB667812C8FFA0D00313900 /* ProductListResult.swift */; };
		8BB667842C9AA50600313900 /* Transactioninfo.swift in Sources */ = {isa = PBXBuildFile; fileRef = 8BB667832C9AA50600313900 /* Transactioninfo.swift */; };
		8BB667862C9AAE3000313900 /* TransactionListForm.swift in Sources */ = {isa = PBXBuildFile; fileRef = 8BB667852C9AAE3000313900 /* TransactionListForm.swift */; };
		8BB667882C9AAEED00313900 /* TransactionListResult.swift in Sources */ = {isa = PBXBuildFile; fileRef = 8BB667872C9AAEED00313900 /* TransactionListResult.swift */; };
		8BB6678A2C9AAFDF00313900 /* TransactionListUseCase.swift in Sources */ = {isa = PBXBuildFile; fileRef = 8BB667892C9AAFDF00313900 /* TransactionListUseCase.swift */; };
		8BB6678C2C9AB71D00313900 /* TransactionSearchView.swift in Sources */ = {isa = PBXBuildFile; fileRef = 8BB6678B2C9AB71D00313900 /* TransactionSearchView.swift */; };
		8BBC27572C89A2C50023BA4F /* MregiLogin.swift in Sources */ = {isa = PBXBuildFile; fileRef = 8BBC27562C89A2C50023BA4F /* MregiLogin.swift */; };
		8BBC27592C89AB1C0023BA4F /* LoginUseCase.swift in Sources */ = {isa = PBXBuildFile; fileRef = 8BBC27582C89AB1C0023BA4F /* LoginUseCase.swift */; };
		8BBC275B2C89ACBB0023BA4F /* LoginForm.swift in Sources */ = {isa = PBXBuildFile; fileRef = 8BBC275A2C89ACBB0023BA4F /* LoginForm.swift */; };
		8BBC275D2C89AD330023BA4F /* LoginResult.swift in Sources */ = {isa = PBXBuildFile; fileRef = 8BBC275C2C89AD330023BA4F /* LoginResult.swift */; };
		8BBC275F2C89AE060023BA4F /* BaseResult.swift in Sources */ = {isa = PBXBuildFile; fileRef = 8BBC275E2C89AE060023BA4F /* BaseResult.swift */; };
		8BBC27612C89B1200023BA4F /* UserInfo.swift in Sources */ = {isa = PBXBuildFile; fileRef = 8BBC27602C89B1200023BA4F /* UserInfo.swift */; };
		8BBC27632C89B1770023BA4F /* AuthInfo.swift in Sources */ = {isa = PBXBuildFile; fileRef = 8BBC27622C89B1770023BA4F /* AuthInfo.swift */; };
		8BBC27652C8A97000023BA4F /* AppContainer.swift in Sources */ = {isa = PBXBuildFile; fileRef = 8BBC27642C8A97000023BA4F /* AppContainer.swift */; };
		8BBC27672C8A97B20023BA4F /* APIRepository.swift in Sources */ = {isa = PBXBuildFile; fileRef = 8BBC27662C8A97B20023BA4F /* APIRepository.swift */; };
		8BBC27692C8A989D0023BA4F /* APIDriver.swift in Sources */ = {isa = PBXBuildFile; fileRef = 8BBC27682C8A989D0023BA4F /* APIDriver.swift */; };
		8BBC276C2C8AABEB0023BA4F /* Alamofire in Frameworks */ = {isa = PBXBuildFile; productRef = 8BBC276B2C8AABEB0023BA4F /* Alamofire */; };
		8BBC276E2C8AABEB0023BA4F /* AlamofireDynamic in Frameworks */ = {isa = PBXBuildFile; productRef = 8BBC276D2C8AABEB0023BA4F /* AlamofireDynamic */; };
		8BBC27702C8AAD350023BA4F /* JSONDecoder+Default.swift in Sources */ = {isa = PBXBuildFile; fileRef = 8BBC276F2C8AAD350023BA4F /* JSONDecoder+Default.swift */; };
		8BBC27722C8AADB90023BA4F /* AuthManager.swift in Sources */ = {isa = PBXBuildFile; fileRef = 8BBC27712C8AADB90023BA4F /* AuthManager.swift */; };
		8BBC27742C8AAEAD0023BA4F /* OAuthAuthenticator.swift in Sources */ = {isa = PBXBuildFile; fileRef = 8BBC27732C8AAEAD0023BA4F /* OAuthAuthenticator.swift */; };
		8BBC27762C8AAF8B0023BA4F /* RefreshForm.swift in Sources */ = {isa = PBXBuildFile; fileRef = 8BBC27752C8AAF8B0023BA4F /* RefreshForm.swift */; };
		8BBC27782C8AB02B0023BA4F /* PermanentDataManager.swift in Sources */ = {isa = PBXBuildFile; fileRef = 8BBC27772C8AB02B0023BA4F /* PermanentDataManager.swift */; };
		8BBC277A2C8AB2FF0023BA4F /* Notification+.swift in Sources */ = {isa = PBXBuildFile; fileRef = 8BBC27792C8AB2FF0023BA4F /* Notification+.swift */; };
		8BBC277C2C8AC7A70023BA4F /* DataRequest+validateUnauthorized.swift in Sources */ = {isa = PBXBuildFile; fileRef = 8BBC277B2C8AC7A70023BA4F /* DataRequest+validateUnauthorized.swift */; };
		8BBC277E2C8AC8A20023BA4F /* RefreshResult.swift in Sources */ = {isa = PBXBuildFile; fileRef = 8BBC277D2C8AC8A20023BA4F /* RefreshResult.swift */; };
/* End PBXBuildFile section */

/* Begin PBXFileReference section */
		8B35FD72291A2FDD00A273AE /* M_CategoryListView.swift */ = {isa = PBXFileReference; lastKnownFileType = sourcecode.swift; path = M_CategoryListView.swift; sourceTree = "<group>"; };
		8B55262A28FF8EE80001B69B /* Coredata-test1.app */ = {isa = PBXFileReference; explicitFileType = wrapper.application; includeInIndex = 0; path = "Coredata-test1.app"; sourceTree = BUILT_PRODUCTS_DIR; };
		8B55262D28FF8EE80001B69B /* Coredata_test1App.swift */ = {isa = PBXFileReference; lastKnownFileType = sourcecode.swift; path = Coredata_test1App.swift; sourceTree = "<group>"; };
		8B55262F28FF8EE80001B69B /* ContentView.swift */ = {isa = PBXFileReference; lastKnownFileType = sourcecode.swift; path = ContentView.swift; sourceTree = "<group>"; };
		8B55263128FF8EED0001B69B /* Assets.xcassets */ = {isa = PBXFileReference; lastKnownFileType = folder.assetcatalog; path = Assets.xcassets; sourceTree = "<group>"; };
		8B55263428FF8EED0001B69B /* Preview Assets.xcassets */ = {isa = PBXFileReference; lastKnownFileType = folder.assetcatalog; path = "Preview Assets.xcassets"; sourceTree = "<group>"; };
		8B55263628FF8EED0001B69B /* Persistence.swift */ = {isa = PBXFileReference; lastKnownFileType = sourcecode.swift; path = Persistence.swift; sourceTree = "<group>"; };
		8B55263928FF8EED0001B69B /* Coredata_test1.xcdatamodel */ = {isa = PBXFileReference; lastKnownFileType = wrapper.xcdatamodel; path = Coredata_test1.xcdatamodel; sourceTree = "<group>"; };
		8B8C95A4291B3E630016E5C9 /* M_CategoryLinkView.swift */ = {isa = PBXFileReference; lastKnownFileType = sourcecode.swift; path = M_CategoryLinkView.swift; sourceTree = "<group>"; };
		8B8C95A6291B80F40016E5C9 /* M_CategoryTableView.swift */ = {isa = PBXFileReference; lastKnownFileType = sourcecode.swift; path = M_CategoryTableView.swift; sourceTree = "<group>"; };
		8B98FE06290F45E1002753BA /* M_CategoryModel.swift */ = {isa = PBXFileReference; lastKnownFileType = sourcecode.swift; path = M_CategoryModel.swift; sourceTree = "<group>"; };
		8B98FE08290F5DFF002753BA /* M_CategorySheetView.swift */ = {isa = PBXFileReference; lastKnownFileType = sourcecode.swift; path = M_CategorySheetView.swift; sourceTree = "<group>"; };
		8B98FE0A290F8B07002753BA /* M_CategoryCardView.swift */ = {isa = PBXFileReference; lastKnownFileType = sourcecode.swift; path = M_CategoryCardView.swift; sourceTree = "<group>"; };
		8BB667702C8D3D0600313900 /* Setup.swift */ = {isa = PBXFileReference; lastKnownFileType = sourcecode.swift; path = Setup.swift; sourceTree = "<group>"; };
		8BB667722C8D3DE300313900 /* AppDelegate.swift */ = {isa = PBXFileReference; lastKnownFileType = sourcecode.swift; path = AppDelegate.swift; sourceTree = "<group>"; };
		8BB667742C8D572800313900 /* Info.plist */ = {isa = PBXFileReference; lastKnownFileType = text.plist; path = Info.plist; sourceTree = "<group>"; };
		8BB667752C8EEC8300313900 /* ProductSearchView.swift */ = {isa = PBXFileReference; lastKnownFileType = sourcecode.swift; path = ProductSearchView.swift; sourceTree = "<group>"; };
		8BB667772C8EEDFA00313900 /* ProductInfo.swift */ = {isa = PBXFileReference; lastKnownFileType = sourcecode.swift; path = ProductInfo.swift; sourceTree = "<group>"; };
		8BB667792C8EEF8F00313900 /* ColorThemeManager.swift */ = {isa = PBXFileReference; lastKnownFileType = sourcecode.swift; path = ColorThemeManager.swift; sourceTree = "<group>"; };
		8BB6677B2C8FF86800313900 /* SearchView.swift */ = {isa = PBXFileReference; lastKnownFileType = sourcecode.swift; path = SearchView.swift; sourceTree = "<group>"; };
		8BB6677D2C8FF90000313900 /* ProductListUseCase.swift */ = {isa = PBXFileReference; lastKnownFileType = sourcecode.swift; path = ProductListUseCase.swift; sourceTree = "<group>"; };
		8BB6677F2C8FF96500313900 /* ProductListForm.swift */ = {isa = PBXFileReference; lastKnownFileType = sourcecode.swift; path = ProductListForm.swift; sourceTree = "<group>"; };
		8BB667812C8FFA0D00313900 /* ProductListResult.swift */ = {isa = PBXFileReference; lastKnownFileType = sourcecode.swift; path = ProductListResult.swift; sourceTree = "<group>"; };
		8BB667832C9AA50600313900 /* Transactioninfo.swift */ = {isa = PBXFileReference; lastKnownFileType = sourcecode.swift; path = Transactioninfo.swift; sourceTree = "<group>"; };
		8BB667852C9AAE3000313900 /* TransactionListForm.swift */ = {isa = PBXFileReference; lastKnownFileType = sourcecode.swift; path = TransactionListForm.swift; sourceTree = "<group>"; };
		8BB667872C9AAEED00313900 /* TransactionListResult.swift */ = {isa = PBXFileReference; lastKnownFileType = sourcecode.swift; path = TransactionListResult.swift; sourceTree = "<group>"; };
		8BB667892C9AAFDF00313900 /* TransactionListUseCase.swift */ = {isa = PBXFileReference; lastKnownFileType = sourcecode.swift; path = TransactionListUseCase.swift; sourceTree = "<group>"; };
		8BB6678B2C9AB71D00313900 /* TransactionSearchView.swift */ = {isa = PBXFileReference; lastKnownFileType = sourcecode.swift; path = TransactionSearchView.swift; sourceTree = "<group>"; };
		8BBC27562C89A2C50023BA4F /* MregiLogin.swift */ = {isa = PBXFileReference; lastKnownFileType = sourcecode.swift; path = MregiLogin.swift; sourceTree = "<group>"; };
		8BBC27582C89AB1C0023BA4F /* LoginUseCase.swift */ = {isa = PBXFileReference; lastKnownFileType = sourcecode.swift; path = LoginUseCase.swift; sourceTree = "<group>"; };
		8BBC275A2C89ACBB0023BA4F /* LoginForm.swift */ = {isa = PBXFileReference; lastKnownFileType = sourcecode.swift; path = LoginForm.swift; sourceTree = "<group>"; };
		8BBC275C2C89AD330023BA4F /* LoginResult.swift */ = {isa = PBXFileReference; lastKnownFileType = sourcecode.swift; path = LoginResult.swift; sourceTree = "<group>"; };
		8BBC275E2C89AE060023BA4F /* BaseResult.swift */ = {isa = PBXFileReference; lastKnownFileType = sourcecode.swift; path = BaseResult.swift; sourceTree = "<group>"; };
		8BBC27602C89B1200023BA4F /* UserInfo.swift */ = {isa = PBXFileReference; lastKnownFileType = sourcecode.swift; path = UserInfo.swift; sourceTree = "<group>"; };
		8BBC27622C89B1770023BA4F /* AuthInfo.swift */ = {isa = PBXFileReference; lastKnownFileType = sourcecode.swift; path = AuthInfo.swift; sourceTree = "<group>"; };
		8BBC27642C8A97000023BA4F /* AppContainer.swift */ = {isa = PBXFileReference; lastKnownFileType = sourcecode.swift; path = AppContainer.swift; sourceTree = "<group>"; };
		8BBC27662C8A97B20023BA4F /* APIRepository.swift */ = {isa = PBXFileReference; lastKnownFileType = sourcecode.swift; path = APIRepository.swift; sourceTree = "<group>"; };
		8BBC27682C8A989D0023BA4F /* APIDriver.swift */ = {isa = PBXFileReference; lastKnownFileType = sourcecode.swift; path = APIDriver.swift; sourceTree = "<group>"; };
		8BBC276F2C8AAD350023BA4F /* JSONDecoder+Default.swift */ = {isa = PBXFileReference; lastKnownFileType = sourcecode.swift; path = "JSONDecoder+Default.swift"; sourceTree = "<group>"; };
		8BBC27712C8AADB90023BA4F /* AuthManager.swift */ = {isa = PBXFileReference; lastKnownFileType = sourcecode.swift; path = AuthManager.swift; sourceTree = "<group>"; };
		8BBC27732C8AAEAD0023BA4F /* OAuthAuthenticator.swift */ = {isa = PBXFileReference; lastKnownFileType = sourcecode.swift; path = OAuthAuthenticator.swift; sourceTree = "<group>"; };
		8BBC27752C8AAF8B0023BA4F /* RefreshForm.swift */ = {isa = PBXFileReference; lastKnownFileType = sourcecode.swift; path = RefreshForm.swift; sourceTree = "<group>"; };
		8BBC27772C8AB02B0023BA4F /* PermanentDataManager.swift */ = {isa = PBXFileReference; lastKnownFileType = sourcecode.swift; path = PermanentDataManager.swift; sourceTree = "<group>"; };
		8BBC27792C8AB2FF0023BA4F /* Notification+.swift */ = {isa = PBXFileReference; lastKnownFileType = sourcecode.swift; path = "Notification+.swift"; sourceTree = "<group>"; };
		8BBC277B2C8AC7A70023BA4F /* DataRequest+validateUnauthorized.swift */ = {isa = PBXFileReference; lastKnownFileType = sourcecode.swift; path = "DataRequest+validateUnauthorized.swift"; sourceTree = "<group>"; };
		8BBC277D2C8AC8A20023BA4F /* RefreshResult.swift */ = {isa = PBXFileReference; lastKnownFileType = sourcecode.swift; path = RefreshResult.swift; sourceTree = "<group>"; };
/* End PBXFileReference section */

/* Begin PBXFrameworksBuildPhase section */
		8B55262728FF8EE80001B69B /* Frameworks */ = {
			isa = PBXFrameworksBuildPhase;
			buildActionMask = 2147483647;
			files = (
				8BBC276C2C8AABEB0023BA4F /* Alamofire in Frameworks */,
				8BBC276E2C8AABEB0023BA4F /* AlamofireDynamic in Frameworks */,
			);
			runOnlyForDeploymentPostprocessing = 0;
		};
/* End PBXFrameworksBuildPhase section */

/* Begin PBXGroup section */
		8B55262128FF8EE70001B69B = {
			isa = PBXGroup;
			children = (
				8B55262C28FF8EE80001B69B /* Coredata-test1 */,
				8B55262B28FF8EE80001B69B /* Products */,
			);
			sourceTree = "<group>";
		};
		8B55262B28FF8EE80001B69B /* Products */ = {
			isa = PBXGroup;
			children = (
				8B55262A28FF8EE80001B69B /* Coredata-test1.app */,
			);
			name = Products;
			sourceTree = "<group>";
		};
		8B55262C28FF8EE80001B69B /* Coredata-test1 */ = {
			isa = PBXGroup;
			children = (
				8BB667742C8D572800313900 /* Info.plist */,
				8BBC27552C89A0CF0023BA4F /* mregiApi */,
				8B55262D28FF8EE80001B69B /* Coredata_test1App.swift */,
				8B55262F28FF8EE80001B69B /* ContentView.swift */,
				8B35FD72291A2FDD00A273AE /* M_CategoryListView.swift */,
				8B8C95A4291B3E630016E5C9 /* M_CategoryLinkView.swift */,
				8B8C95A6291B80F40016E5C9 /* M_CategoryTableView.swift */,
				8B98FE0A290F8B07002753BA /* M_CategoryCardView.swift */,
				8B98FE06290F45E1002753BA /* M_CategoryModel.swift */,
				8B98FE08290F5DFF002753BA /* M_CategorySheetView.swift */,
				8B55263128FF8EED0001B69B /* Assets.xcassets */,
				8B55263628FF8EED0001B69B /* Persistence.swift */,
				8B55263828FF8EED0001B69B /* Coredata_test1.xcdatamodeld */,
				8B55263328FF8EED0001B69B /* Preview Content */,
			);
			path = "Coredata-test1";
			sourceTree = "<group>";
		};
		8B55263328FF8EED0001B69B /* Preview Content */ = {
			isa = PBXGroup;
			children = (
				8B55263428FF8EED0001B69B /* Preview Assets.xcassets */,
			);
			path = "Preview Content";
			sourceTree = "<group>";
		};
		8BBC27552C89A0CF0023BA4F /* mregiApi */ = {
			isa = PBXGroup;
			children = (
				8BBC27562C89A2C50023BA4F /* MregiLogin.swift */,
				8BBC27582C89AB1C0023BA4F /* LoginUseCase.swift */,
				8BBC275A2C89ACBB0023BA4F /* LoginForm.swift */,
				8BBC275C2C89AD330023BA4F /* LoginResult.swift */,
				8BBC275E2C89AE060023BA4F /* BaseResult.swift */,
				8BBC27602C89B1200023BA4F /* UserInfo.swift */,
				8BBC27622C89B1770023BA4F /* AuthInfo.swift */,
				8BBC27642C8A97000023BA4F /* AppContainer.swift */,
				8BBC27662C8A97B20023BA4F /* APIRepository.swift */,
				8BBC27682C8A989D0023BA4F /* APIDriver.swift */,
				8BBC276F2C8AAD350023BA4F /* JSONDecoder+Default.swift */,
				8BBC27712C8AADB90023BA4F /* AuthManager.swift */,
				8BBC27732C8AAEAD0023BA4F /* OAuthAuthenticator.swift */,
				8BBC27752C8AAF8B0023BA4F /* RefreshForm.swift */,
				8BBC27772C8AB02B0023BA4F /* PermanentDataManager.swift */,
				8BBC27792C8AB2FF0023BA4F /* Notification+.swift */,
				8BBC277B2C8AC7A70023BA4F /* DataRequest+validateUnauthorized.swift */,
				8BBC277D2C8AC8A20023BA4F /* RefreshResult.swift */,
				8BB667702C8D3D0600313900 /* Setup.swift */,
				8BB667722C8D3DE300313900 /* AppDelegate.swift */,
				8BB667752C8EEC8300313900 /* ProductSearchView.swift */,
				8BB667772C8EEDFA00313900 /* ProductInfo.swift */,
				8BB667792C8EEF8F00313900 /* ColorThemeManager.swift */,
				8BB6677B2C8FF86800313900 /* SearchView.swift */,
				8BB6677D2C8FF90000313900 /* ProductListUseCase.swift */,
				8BB6677F2C8FF96500313900 /* ProductListForm.swift */,
				8BB667812C8FFA0D00313900 /* ProductListResult.swift */,
				8BB667852C9AAE3000313900 /* TransactionListForm.swift */,
				8BB6678B2C9AB71D00313900 /* TransactionSearchView.swift */,
				8BB667872C9AAEED00313900 /* TransactionListResult.swift */,
				8BB667892C9AAFDF00313900 /* TransactionListUseCase.swift */,
				8BB667832C9AA50600313900 /* Transactioninfo.swift */,
			);
			path = mregiApi;
			sourceTree = "<group>";
		};
/* End PBXGroup section */

/* Begin PBXNativeTarget section */
		8B55262928FF8EE80001B69B /* Coredata-test1 */ = {
			isa = PBXNativeTarget;
			buildConfigurationList = 8B55263D28FF8EED0001B69B /* Build configuration list for PBXNativeTarget "Coredata-test1" */;
			buildPhases = (
				8B55262628FF8EE80001B69B /* Sources */,
				8B55262728FF8EE80001B69B /* Frameworks */,
				8B55262828FF8EE80001B69B /* Resources */,
			);
			buildRules = (
			);
			dependencies = (
			);
			name = "Coredata-test1";
			packageProductDependencies = (
				8BBC276B2C8AABEB0023BA4F /* Alamofire */,
				8BBC276D2C8AABEB0023BA4F /* AlamofireDynamic */,
			);
			productName = "Coredata-test1";
			productReference = 8B55262A28FF8EE80001B69B /* Coredata-test1.app */;
			productType = "com.apple.product-type.application";
		};
/* End PBXNativeTarget section */

/* Begin PBXProject section */
		8B55262228FF8EE70001B69B /* Project object */ = {
			isa = PBXProject;
			attributes = {
				BuildIndependentTargetsInParallel = 1;
				LastSwiftUpdateCheck = 1400;
				LastUpgradeCheck = 1400;
				TargetAttributes = {
					8B55262928FF8EE80001B69B = {
						CreatedOnToolsVersion = 14.0.1;
					};
				};
			};
			buildConfigurationList = 8B55262528FF8EE70001B69B /* Build configuration list for PBXProject "Coredata-test1" */;
			compatibilityVersion = "Xcode 14.0";
			developmentRegion = en;
			hasScannedForEncodings = 0;
			knownRegions = (
				en,
				Base,
			);
			mainGroup = 8B55262128FF8EE70001B69B;
			packageReferences = (
				8BBC276A2C8AABEB0023BA4F /* XCRemoteSwiftPackageReference "Alamofire" */,
			);
			productRefGroup = 8B55262B28FF8EE80001B69B /* Products */;
			projectDirPath = "";
			projectRoot = "";
			targets = (
				8B55262928FF8EE80001B69B /* Coredata-test1 */,
			);
		};
/* End PBXProject section */

/* Begin PBXResourcesBuildPhase section */
		8B55262828FF8EE80001B69B /* Resources */ = {
			isa = PBXResourcesBuildPhase;
			buildActionMask = 2147483647;
			files = (
				8B55263528FF8EED0001B69B /* Preview Assets.xcassets in Resources */,
				8B55263228FF8EED0001B69B /* Assets.xcassets in Resources */,
			);
			runOnlyForDeploymentPostprocessing = 0;
		};
/* End PBXResourcesBuildPhase section */

/* Begin PBXSourcesBuildPhase section */
		8B55262628FF8EE80001B69B /* Sources */ = {
			isa = PBXSourcesBuildPhase;
			buildActionMask = 2147483647;
			files = (
				8B8C95A5291B3E630016E5C9 /* M_CategoryLinkView.swift in Sources */,
				8BBC27742C8AAEAD0023BA4F /* OAuthAuthenticator.swift in Sources */,
				8BB667842C9AA50600313900 /* Transactioninfo.swift in Sources */,
				8B8C95A7291B80F40016E5C9 /* M_CategoryTableView.swift in Sources */,
				8BBC27572C89A2C50023BA4F /* MregiLogin.swift in Sources */,
				8BB6678C2C9AB71D00313900 /* TransactionSearchView.swift in Sources */,
				8BB6678A2C9AAFDF00313900 /* TransactionListUseCase.swift in Sources */,
				8BBC277E2C8AC8A20023BA4F /* RefreshResult.swift in Sources */,
				8BB667712C8D3D0600313900 /* Setup.swift in Sources */,
				8BB667882C9AAEED00313900 /* TransactionListResult.swift in Sources */,
				8BB6677C2C8FF86900313900 /* SearchView.swift in Sources */,
				8B55263728FF8EED0001B69B /* Persistence.swift in Sources */,
				8BBC27612C89B1200023BA4F /* UserInfo.swift in Sources */,
				8BB667822C8FFA0D00313900 /* ProductListResult.swift in Sources */,
				8B55263028FF8EE80001B69B /* ContentView.swift in Sources */,
				8BBC27782C8AB02B0023BA4F /* PermanentDataManager.swift in Sources */,
				8BBC27762C8AAF8B0023BA4F /* RefreshForm.swift in Sources */,
				8BB6677E2C8FF90000313900 /* ProductListUseCase.swift in Sources */,
				8BB667802C8FF96500313900 /* ProductListForm.swift in Sources */,
				8BBC27672C8A97B20023BA4F /* APIRepository.swift in Sources */,
				8BBC27632C89B1770023BA4F /* AuthInfo.swift in Sources */,
				8B98FE09290F5DFF002753BA /* M_CategorySheetView.swift in Sources */,
				8B98FE07290F45E1002753BA /* M_CategoryModel.swift in Sources */,
				8B35FD73291A2FDD00A273AE /* M_CategoryListView.swift in Sources */,
				8BB6677A2C8EEF8F00313900 /* ColorThemeManager.swift in Sources */,
				8BBC277A2C8AB2FF0023BA4F /* Notification+.swift in Sources */,
				8BBC275D2C89AD330023BA4F /* LoginResult.swift in Sources */,
				8BB667732C8D3DE300313900 /* AppDelegate.swift in Sources */,
				8BBC27652C8A97000023BA4F /* AppContainer.swift in Sources */,
				8BBC275B2C89ACBB0023BA4F /* LoginForm.swift in Sources */,
				8BB667862C9AAE3000313900 /* TransactionListForm.swift in Sources */,
				8B55263A28FF8EED0001B69B /* Coredata_test1.xcdatamodeld in Sources */,
				8BBC275F2C89AE060023BA4F /* BaseResult.swift in Sources */,
				8BBC27692C8A989D0023BA4F /* APIDriver.swift in Sources */,
				8BBC277C2C8AC7A70023BA4F /* DataRequest+validateUnauthorized.swift in Sources */,
				8BB667782C8EEDFA00313900 /* ProductInfo.swift in Sources */,
				8B98FE0B290F8B07002753BA /* M_CategoryCardView.swift in Sources */,
				8BBC27702C8AAD350023BA4F /* JSONDecoder+Default.swift in Sources */,
				8BBC27722C8AADB90023BA4F /* AuthManager.swift in Sources */,
				8BB667762C8EEC8300313900 /* ProductSearchView.swift in Sources */,
				8B55262E28FF8EE80001B69B /* Coredata_test1App.swift in Sources */,
				8BBC27592C89AB1C0023BA4F /* LoginUseCase.swift in Sources */,
			);
			runOnlyForDeploymentPostprocessing = 0;
		};
/* End PBXSourcesBuildPhase section */

/* Begin XCBuildConfiguration section */
		8B55263B28FF8EED0001B69B /* Debug */ = {
			isa = XCBuildConfiguration;
			buildSettings = {
				ALWAYS_SEARCH_USER_PATHS = NO;
				CLANG_ANALYZER_NONNULL = YES;
				CLANG_ANALYZER_NUMBER_OBJECT_CONVERSION = YES_AGGRESSIVE;
				CLANG_CXX_LANGUAGE_STANDARD = "gnu++20";
				CLANG_ENABLE_MODULES = YES;
				CLANG_ENABLE_OBJC_ARC = YES;
				CLANG_ENABLE_OBJC_WEAK = YES;
				CLANG_WARN_BLOCK_CAPTURE_AUTORELEASING = YES;
				CLANG_WARN_BOOL_CONVERSION = YES;
				CLANG_WARN_COMMA = YES;
				CLANG_WARN_CONSTANT_CONVERSION = YES;
				CLANG_WARN_DEPRECATED_OBJC_IMPLEMENTATIONS = YES;
				CLANG_WARN_DIRECT_OBJC_ISA_USAGE = YES_ERROR;
				CLANG_WARN_DOCUMENTATION_COMMENTS = YES;
				CLANG_WARN_EMPTY_BODY = YES;
				CLANG_WARN_ENUM_CONVERSION = YES;
				CLANG_WARN_INFINITE_RECURSION = YES;
				CLANG_WARN_INT_CONVERSION = YES;
				CLANG_WARN_NON_LITERAL_NULL_CONVERSION = YES;
				CLANG_WARN_OBJC_IMPLICIT_RETAIN_SELF = YES;
				CLANG_WARN_OBJC_LITERAL_CONVERSION = YES;
				CLANG_WARN_OBJC_ROOT_CLASS = YES_ERROR;
				CLANG_WARN_QUOTED_INCLUDE_IN_FRAMEWORK_HEADER = YES;
				CLANG_WARN_RANGE_LOOP_ANALYSIS = YES;
				CLANG_WARN_STRICT_PROTOTYPES = YES;
				CLANG_WARN_SUSPICIOUS_MOVE = YES;
				CLANG_WARN_UNGUARDED_AVAILABILITY = YES_AGGRESSIVE;
				CLANG_WARN_UNREACHABLE_CODE = YES;
				CLANG_WARN__DUPLICATE_METHOD_MATCH = YES;
				COPY_PHASE_STRIP = NO;
				DEBUG_INFORMATION_FORMAT = dwarf;
				ENABLE_STRICT_OBJC_MSGSEND = YES;
				ENABLE_TESTABILITY = YES;
				GCC_C_LANGUAGE_STANDARD = gnu11;
				GCC_DYNAMIC_NO_PIC = NO;
				GCC_NO_COMMON_BLOCKS = YES;
				GCC_OPTIMIZATION_LEVEL = 0;
				GCC_PREPROCESSOR_DEFINITIONS = (
					"DEBUG=1",
					"$(inherited)",
				);
				GCC_WARN_64_TO_32_BIT_CONVERSION = YES;
				GCC_WARN_ABOUT_RETURN_TYPE = YES_ERROR;
				GCC_WARN_UNDECLARED_SELECTOR = YES;
				GCC_WARN_UNINITIALIZED_AUTOS = YES_AGGRESSIVE;
				GCC_WARN_UNUSED_FUNCTION = YES;
				GCC_WARN_UNUSED_VARIABLE = YES;
				IPHONEOS_DEPLOYMENT_TARGET = 16.0;
				MTL_ENABLE_DEBUG_INFO = INCLUDE_SOURCE;
				MTL_FAST_MATH = YES;
				ONLY_ACTIVE_ARCH = YES;
				SDKROOT = iphoneos;
				SWIFT_ACTIVE_COMPILATION_CONDITIONS = DEBUG;
				SWIFT_OPTIMIZATION_LEVEL = "-Onone";
			};
			name = Debug;
		};
		8B55263C28FF8EED0001B69B /* Release */ = {
			isa = XCBuildConfiguration;
			buildSettings = {
				ALWAYS_SEARCH_USER_PATHS = NO;
				CLANG_ANALYZER_NONNULL = YES;
				CLANG_ANALYZER_NUMBER_OBJECT_CONVERSION = YES_AGGRESSIVE;
				CLANG_CXX_LANGUAGE_STANDARD = "gnu++20";
				CLANG_ENABLE_MODULES = YES;
				CLANG_ENABLE_OBJC_ARC = YES;
				CLANG_ENABLE_OBJC_WEAK = YES;
				CLANG_WARN_BLOCK_CAPTURE_AUTORELEASING = YES;
				CLANG_WARN_BOOL_CONVERSION = YES;
				CLANG_WARN_COMMA = YES;
				CLANG_WARN_CONSTANT_CONVERSION = YES;
				CLANG_WARN_DEPRECATED_OBJC_IMPLEMENTATIONS = YES;
				CLANG_WARN_DIRECT_OBJC_ISA_USAGE = YES_ERROR;
				CLANG_WARN_DOCUMENTATION_COMMENTS = YES;
				CLANG_WARN_EMPTY_BODY = YES;
				CLANG_WARN_ENUM_CONVERSION = YES;
				CLANG_WARN_INFINITE_RECURSION = YES;
				CLANG_WARN_INT_CONVERSION = YES;
				CLANG_WARN_NON_LITERAL_NULL_CONVERSION = YES;
				CLANG_WARN_OBJC_IMPLICIT_RETAIN_SELF = YES;
				CLANG_WARN_OBJC_LITERAL_CONVERSION = YES;
				CLANG_WARN_OBJC_ROOT_CLASS = YES_ERROR;
				CLANG_WARN_QUOTED_INCLUDE_IN_FRAMEWORK_HEADER = YES;
				CLANG_WARN_RANGE_LOOP_ANALYSIS = YES;
				CLANG_WARN_STRICT_PROTOTYPES = YES;
				CLANG_WARN_SUSPICIOUS_MOVE = YES;
				CLANG_WARN_UNGUARDED_AVAILABILITY = YES_AGGRESSIVE;
				CLANG_WARN_UNREACHABLE_CODE = YES;
				CLANG_WARN__DUPLICATE_METHOD_MATCH = YES;
				COPY_PHASE_STRIP = NO;
				DEBUG_INFORMATION_FORMAT = "dwarf-with-dsym";
				ENABLE_NS_ASSERTIONS = NO;
				ENABLE_STRICT_OBJC_MSGSEND = YES;
				GCC_C_LANGUAGE_STANDARD = gnu11;
				GCC_NO_COMMON_BLOCKS = YES;
				GCC_WARN_64_TO_32_BIT_CONVERSION = YES;
				GCC_WARN_ABOUT_RETURN_TYPE = YES_ERROR;
				GCC_WARN_UNDECLARED_SELECTOR = YES;
				GCC_WARN_UNINITIALIZED_AUTOS = YES_AGGRESSIVE;
				GCC_WARN_UNUSED_FUNCTION = YES;
				GCC_WARN_UNUSED_VARIABLE = YES;
				IPHONEOS_DEPLOYMENT_TARGET = 16.0;
				MTL_ENABLE_DEBUG_INFO = NO;
				MTL_FAST_MATH = YES;
				SDKROOT = iphoneos;
				SWIFT_COMPILATION_MODE = wholemodule;
				SWIFT_OPTIMIZATION_LEVEL = "-O";
				VALIDATE_PRODUCT = YES;
			};
			name = Release;
		};
		8B55263E28FF8EED0001B69B /* Debug */ = {
			isa = XCBuildConfiguration;
			buildSettings = {
				ASSETCATALOG_COMPILER_APPICON_NAME = AppIcon;
				ASSETCATALOG_COMPILER_GLOBAL_ACCENT_COLOR_NAME = AccentColor;
				CODE_SIGN_STYLE = Automatic;
				CURRENT_PROJECT_VERSION = 1;
				DEVELOPMENT_ASSET_PATHS = "\"Coredata-test1/Preview Content\"";
				DEVELOPMENT_TEAM = 4LB65X9AVQ;
				ENABLE_PREVIEWS = YES;
				GENERATE_INFOPLIST_FILE = YES;
				INFOPLIST_FILE = "Coredata-test1/Info.plist";
				INFOPLIST_KEY_UIApplicationSceneManifest_Generation = YES;
				INFOPLIST_KEY_UIApplicationSupportsIndirectInputEvents = YES;
				INFOPLIST_KEY_UILaunchScreen_Generation = YES;
				INFOPLIST_KEY_UISupportedInterfaceOrientations_iPad = "UIInterfaceOrientationPortrait UIInterfaceOrientationPortraitUpsideDown UIInterfaceOrientationLandscapeLeft UIInterfaceOrientationLandscapeRight";
				INFOPLIST_KEY_UISupportedInterfaceOrientations_iPhone = "UIInterfaceOrientationPortrait UIInterfaceOrientationLandscapeLeft UIInterfaceOrientationLandscapeRight";
				IPHONEOS_DEPLOYMENT_TARGET = 16.0;
				LD_RUNPATH_SEARCH_PATHS = (
					"$(inherited)",
					"@executable_path/Frameworks",
				);
				MARKETING_VERSION = 1.0;
				PRODUCT_BUNDLE_IDENTIFIER = "com.dream.shirokawa.Coredata-test1";
				PRODUCT_NAME = "$(TARGET_NAME)";
				SWIFT_EMIT_LOC_STRINGS = YES;
				SWIFT_VERSION = 5.0;
				TARGETED_DEVICE_FAMILY = "1,2";
			};
			name = Debug;
		};
		8B55263F28FF8EED0001B69B /* Release */ = {
			isa = XCBuildConfiguration;
			buildSettings = {
				ASSETCATALOG_COMPILER_APPICON_NAME = AppIcon;
				ASSETCATALOG_COMPILER_GLOBAL_ACCENT_COLOR_NAME = AccentColor;
				CODE_SIGN_STYLE = Automatic;
				CURRENT_PROJECT_VERSION = 1;
				DEVELOPMENT_ASSET_PATHS = "\"Coredata-test1/Preview Content\"";
				DEVELOPMENT_TEAM = 4LB65X9AVQ;
				ENABLE_PREVIEWS = YES;
				GENERATE_INFOPLIST_FILE = YES;
				INFOPLIST_FILE = "Coredata-test1/Info.plist";
				INFOPLIST_KEY_UIApplicationSceneManifest_Generation = YES;
				INFOPLIST_KEY_UIApplicationSupportsIndirectInputEvents = YES;
				INFOPLIST_KEY_UILaunchScreen_Generation = YES;
				INFOPLIST_KEY_UISupportedInterfaceOrientations_iPad = "UIInterfaceOrientationPortrait UIInterfaceOrientationPortraitUpsideDown UIInterfaceOrientationLandscapeLeft UIInterfaceOrientationLandscapeRight";
				INFOPLIST_KEY_UISupportedInterfaceOrientations_iPhone = "UIInterfaceOrientationPortrait UIInterfaceOrientationLandscapeLeft UIInterfaceOrientationLandscapeRight";
				IPHONEOS_DEPLOYMENT_TARGET = 16.0;
				LD_RUNPATH_SEARCH_PATHS = (
					"$(inherited)",
					"@executable_path/Frameworks",
				);
				MARKETING_VERSION = 1.0;
				PRODUCT_BUNDLE_IDENTIFIER = "com.dream.shirokawa.Coredata-test1";
				PRODUCT_NAME = "$(TARGET_NAME)";
				SWIFT_EMIT_LOC_STRINGS = YES;
				SWIFT_VERSION = 5.0;
				TARGETED_DEVICE_FAMILY = "1,2";
			};
			name = Release;
		};
/* End XCBuildConfiguration section */

/* Begin XCConfigurationList section */
		8B55262528FF8EE70001B69B /* Build configuration list for PBXProject "Coredata-test1" */ = {
			isa = XCConfigurationList;
			buildConfigurations = (
				8B55263B28FF8EED0001B69B /* Debug */,
				8B55263C28FF8EED0001B69B /* Release */,
			);
			defaultConfigurationIsVisible = 0;
			defaultConfigurationName = Release;
		};
		8B55263D28FF8EED0001B69B /* Build configuration list for PBXNativeTarget "Coredata-test1" */ = {
			isa = XCConfigurationList;
			buildConfigurations = (
				8B55263E28FF8EED0001B69B /* Debug */,
				8B55263F28FF8EED0001B69B /* Release */,
			);
			defaultConfigurationIsVisible = 0;
			defaultConfigurationName = Release;
		};
/* End XCConfigurationList section */

/* Begin XCRemoteSwiftPackageReference section */
		8BBC276A2C8AABEB0023BA4F /* XCRemoteSwiftPackageReference "Alamofire" */ = {
			isa = XCRemoteSwiftPackageReference;
			repositoryURL = "https://github.com/Alamofire/Alamofire";
			requirement = {
				kind = upToNextMajorVersion;
				minimumVersion = 5.9.1;
			};
		};
/* End XCRemoteSwiftPackageReference section */

/* Begin XCSwiftPackageProductDependency section */
		8BBC276B2C8AABEB0023BA4F /* Alamofire */ = {
			isa = XCSwiftPackageProductDependency;
			package = 8BBC276A2C8AABEB0023BA4F /* XCRemoteSwiftPackageReference "Alamofire" */;
			productName = Alamofire;
		};
		8BBC276D2C8AABEB0023BA4F /* AlamofireDynamic */ = {
			isa = XCSwiftPackageProductDependency;
			package = 8BBC276A2C8AABEB0023BA4F /* XCRemoteSwiftPackageReference "Alamofire" */;
			productName = AlamofireDynamic;
		};
/* End XCSwiftPackageProductDependency section */

/* Begin XCVersionGroup section */
		8B55263828FF8EED0001B69B /* Coredata_test1.xcdatamodeld */ = {
			isa = XCVersionGroup;
			children = (
				8B55263928FF8EED0001B69B /* Coredata_test1.xcdatamodel */,
			);
			currentVersion = 8B55263928FF8EED0001B69B /* Coredata_test1.xcdatamodel */;
			path = Coredata_test1.xcdatamodeld;
			sourceTree = "<group>";
			versionGroupType = wrapper.xcdatamodel;
		};
/* End XCVersionGroup section */
	};
	rootObject = 8B55262228FF8EE70001B69B /* Project object */;
}
